PODS:
  - Flutter (1.0.0)
  - flutter_credit_card (0.0.1):
    - Flutter
  - flutter_inappwebview_ios (0.0.1):
    - Flutter
    - flutter_inappwebview_ios/Core (= 0.0.1)
    - OrderedSet (~> 6.0.3)
  - flutter_inappwebview_ios/Core (0.0.1):
    - Flutter
    - OrderedSet (~> 6.0.3)
  - OrderedSet (6.0.3)
  - Stripe (24.7.0):
    - StripeApplePay (= 24.7.0)
    - StripeCore (= 24.7.0)
    - StripePayments (= 24.7.0)
    - StripePaymentsUI (= 24.7.0)
    - StripeUICore (= 24.7.0)
  - stripe_ios (0.0.1):
    - Flutter
    - Stripe (~> 24.7.0)
    - stripe_ios/stripe_ios (= 0.0.1)
    - stripe_ios/stripe_objc (= 0.0.1)
    - StripeApplePay (~> 24.7.0)
    - StripeFinancialConnections (~> 24.7.0)
    - StripePayments (~> 24.7.0)
    - StripePaymentSheet (~> 24.7.0)
    - StripePaymentsUI (~> 24.7.0)
  - stripe_ios/stripe_ios (0.0.1):
    - Flutter
    - Stripe (~> 24.7.0)
    - stripe_ios/stripe_objc
    - StripeApplePay (~> 24.7.0)
    - StripeFinancialConnections (~> 24.7.0)
    - StripePayments (~> 24.7.0)
    - StripePaymentSheet (~> 24.7.0)
    - StripePaymentsUI (~> 24.7.0)
  - stripe_ios/stripe_objc (0.0.1):
    - Flutter
    - Stripe (~> 24.7.0)
    - StripeApplePay (~> 24.7.0)
    - StripeFinancialConnections (~> 24.7.0)
    - StripePayments (~> 24.7.0)
    - StripePaymentSheet (~> 24.7.0)
    - StripePaymentsUI (~> 24.7.0)
  - StripeApplePay (24.7.0):
    - StripeCore (= 24.7.0)
  - StripeCore (24.7.0)
  - StripeFinancialConnections (24.7.0):
    - StripeCore (= 24.7.0)
    - StripeUICore (= 24.7.0)
  - StripePayments (24.7.0):
    - StripeCore (= 24.7.0)
    - StripePayments/Stripe3DS2 (= 24.7.0)
  - StripePayments/Stripe3DS2 (24.7.0):
    - StripeCore (= 24.7.0)
  - StripePaymentSheet (24.7.0):
    - StripeApplePay (= 24.7.0)
    - StripeCore (= 24.7.0)
    - StripePayments (= 24.7.0)
    - StripePaymentsUI (= 24.7.0)
  - StripePaymentsUI (24.7.0):
    - StripeCore (= 24.7.0)
    - StripePayments (= 24.7.0)
    - StripeUICore (= 24.7.0)
  - StripeUICore (24.7.0):
    - StripeCore (= 24.7.0)

DEPENDENCIES:
  - Flutter (from `Flutter`)
  - flutter_credit_card (from `.symlinks/plugins/flutter_credit_card/ios`)
  - flutter_inappwebview_ios (from `.symlinks/plugins/flutter_inappwebview_ios/ios`)
  - stripe_ios (from `.symlinks/plugins/stripe_ios/ios`)

SPEC REPOS:
  trunk:
    - OrderedSet
    - Stripe
    - StripeApplePay
    - StripeCore
    - StripeFinancialConnections
    - StripePayments
    - StripePaymentSheet
    - StripePaymentsUI
    - StripeUICore

EXTERNAL SOURCES:
  Flutter:
    :path: Flutter
  flutter_credit_card:
    :path: ".symlinks/plugins/flutter_credit_card/ios"
  flutter_inappwebview_ios:
    :path: ".symlinks/plugins/flutter_inappwebview_ios/ios"
  stripe_ios:
    :path: ".symlinks/plugins/stripe_ios/ios"

SPEC CHECKSUMS:
  Flutter: e0871f40cf51350855a761d2e70bf5af5b9b5de7
  flutter_credit_card: 75489579678755891ccb1ddcc13415defcea4f01
  flutter_inappwebview_ios: b89ba3482b96fb25e00c967aae065701b66e9b99
  OrderedSet: e539b66b644ff081c73a262d24ad552a69be3a94
  Stripe: 8a03a78bfa16b197f9fac51e42670ac563b34388
  stripe_ios: 95bdf6ba58efd184fe1dfed194cd8692299d66ca
  StripeApplePay: 3c1b43d9b5130f6b714863bf8c9482c24168ab27
  StripeCore: 4955c2af14446db04818ad043d19d8f97b73c5fa
  StripeFinancialConnections: 8cf97b04c2f354879a2a5473126efac38f11f406
  StripePayments: 91820845bece6117809bcfdcaef39c84c2b4cae5
  StripePaymentSheet: 1810187cbdbc73410b8fb86cecafaaa41c1481fc
  StripePaymentsUI: 326376e23caa369d1f58041bdb858c89c2b17ed4
  StripeUICore: 17a4f3adb81ae05ab885e1b353022a430176eab1

PODFILE CHECKSUM: fa1c758b2b6838d3b196938c25c2f243c02da750

COCOAPODS: 1.16.2
